// !$*UTF8*$!
{
	archiveVersion = 1;
	classes = {
	};
	objectVersion = 46;
	objects = {

/* Begin PBXBuildFile section */
		E11765AE1A36419700EF6B01 /* Pivotal.plist in Resources */ = {isa = PBXBuildFile; fileRef = E11765AD1A36419700EF6B01 /* Pivotal.plist */; };
		E12CCFF61A28E44600EFC209 /* main.m in Sources */ = {isa = PBXBuildFile; fileRef = E12CCFF51A28E44600EFC209 /* main.m */; };
		E12CCFF91A28E44600EFC209 /* AppDelegate.m in Sources */ = {isa = PBXBuildFile; fileRef = E12CCFF81A28E44600EFC209 /* AppDelegate.m */; };
		E12CCFFC1A28E44600EFC209 /* ViewController.m in Sources */ = {isa = PBXBuildFile; fileRef = E12CCFFB1A28E44600EFC209 /* ViewController.m */; };
		E12CD0011A28E44600EFC209 /* Images.xcassets in Resources */ = {isa = PBXBuildFile; fileRef = E12CD0001A28E44600EFC209 /* Images.xcassets */; };
		E12CD0041A28E44600EFC209 /* LaunchScreen.xib in Resources */ = {isa = PBXBuildFile; fileRef = E12CD0021A28E44600EFC209 /* LaunchScreen.xib */; };
		E12CD0101A28E44600EFC209 /* PCFDataSampleTests.m in Sources */ = {isa = PBXBuildFile; fileRef = E12CD00F1A28E44600EFC209 /* PCFDataSampleTests.m */; };
		E15EBDDD1A9B964F0008A69D /* PCFAuth.framework in Frameworks */ = {isa = PBXBuildFile; fileRef = E15EBDDB1A9B96460008A69D /* PCFAuth.framework */; };
		E15EBDDE1A9B964F0008A69D /* PCFAuth.framework in Embed Frameworks */ = {isa = PBXBuildFile; fileRef = E15EBDDB1A9B96460008A69D /* PCFAuth.framework */; settings = {ATTRIBUTES = (CodeSignOnCopy, RemoveHeadersOnCopy, ); }; };
		E1B7364F1A9B7D7900A0B5CA /* PCFData.framework in Frameworks */ = {isa = PBXBuildFile; fileRef = E1B7364D1A9B7D7200A0B5CA /* PCFData.framework */; };
		E1B736501A9B7D7900A0B5CA /* PCFData.framework in Embed Frameworks */ = {isa = PBXBuildFile; fileRef = E1B7364D1A9B7D7200A0B5CA /* PCFData.framework */; settings = {ATTRIBUTES = (CodeSignOnCopy, RemoveHeadersOnCopy, ); }; };
		E1B736541A9B87E400A0B5CA /* LoginViewController.m in Sources */ = {isa = PBXBuildFile; fileRef = E1B736521A9B87E400A0B5CA /* LoginViewController.m */; };
		E1B736551A9B87E400A0B5CA /* LoginViewController.xib in Resources */ = {isa = PBXBuildFile; fileRef = E1B736531A9B87E400A0B5CA /* LoginViewController.xib */; };
		E1DA3DBF1A704F1000057671 /* Main.storyboard in Resources */ = {isa = PBXBuildFile; fileRef = E1DA3DBE1A704F1000057671 /* Main.storyboard */; };
		E1DA3DDB1A71646500057671 /* Config.m in Sources */ = {isa = PBXBuildFile; fileRef = E1DA3DDA1A71646500057671 /* Config.m */; };
/* End PBXBuildFile section */

/* Begin PBXContainerItemProxy section */
		E12CD00A1A28E44600EFC209 /* PBXContainerItemProxy */ = {
			isa = PBXContainerItemProxy;
			containerPortal = E12CCFE81A28E44600EFC209 /* Project object */;
			proxyType = 1;
			remoteGlobalIDString = E12CCFEF1A28E44600EFC209;
			remoteInfo = PCFDataSample;
		};
/* End PBXContainerItemProxy section */

/* Begin PBXCopyFilesBuildPhase section */
		E11765A51A360D0F00EF6B01 /* Embed Frameworks */ = {
			isa = PBXCopyFilesBuildPhase;
			buildActionMask = 2147483647;
			dstPath = "";
			dstSubfolderSpec = 10;
			files = (
				E15EBDDE1A9B964F0008A69D /* PCFAuth.framework in Embed Frameworks */,
				E1B736501A9B7D7900A0B5CA /* PCFData.framework in Embed Frameworks */,
			);
			name = "Embed Frameworks";
			runOnlyForDeploymentPostprocessing = 0;
		};
/* End PBXCopyFilesBuildPhase section */

/* Begin PBXFileReference section */
		E11765AD1A36419700EF6B01 /* Pivotal.plist */ = {isa = PBXFileReference; fileEncoding = 4; lastKnownFileType = text.plist.xml; path = Pivotal.plist; sourceTree = "<group>"; };
		E12CCFF01A28E44600EFC209 /* PCFDataSample.app */ = {isa = PBXFileReference; explicitFileType = wrapper.application; includeInIndex = 0; path = PCFDataSample.app; sourceTree = BUILT_PRODUCTS_DIR; };
		E12CCFF41A28E44600EFC209 /* Info.plist */ = {isa = PBXFileReference; lastKnownFileType = text.plist.xml; path = Info.plist; sourceTree = "<group>"; };
		E12CCFF51A28E44600EFC209 /* main.m */ = {isa = PBXFileReference; lastKnownFileType = sourcecode.c.objc; path = main.m; sourceTree = "<group>"; };
		E12CCFF71A28E44600EFC209 /* AppDelegate.h */ = {isa = PBXFileReference; lastKnownFileType = sourcecode.c.h; path = AppDelegate.h; sourceTree = "<group>"; };
		E12CCFF81A28E44600EFC209 /* AppDelegate.m */ = {isa = PBXFileReference; lastKnownFileType = sourcecode.c.objc; path = AppDelegate.m; sourceTree = "<group>"; };
		E12CCFFA1A28E44600EFC209 /* ViewController.h */ = {isa = PBXFileReference; lastKnownFileType = sourcecode.c.h; path = ViewController.h; sourceTree = "<group>"; };
		E12CCFFB1A28E44600EFC209 /* ViewController.m */ = {isa = PBXFileReference; lastKnownFileType = sourcecode.c.objc; path = ViewController.m; sourceTree = "<group>"; };
		E12CD0001A28E44600EFC209 /* Images.xcassets */ = {isa = PBXFileReference; lastKnownFileType = folder.assetcatalog; path = Images.xcassets; sourceTree = "<group>"; };
		E12CD0031A28E44600EFC209 /* Base */ = {isa = PBXFileReference; lastKnownFileType = file.xib; name = Base; path = Base.lproj/LaunchScreen.xib; sourceTree = "<group>"; };
		E12CD0091A28E44600EFC209 /* PCFDataSampleTests.xctest */ = {isa = PBXFileReference; explicitFileType = wrapper.cfbundle; includeInIndex = 0; path = PCFDataSampleTests.xctest; sourceTree = BUILT_PRODUCTS_DIR; };
		E12CD00E1A28E44600EFC209 /* Info.plist */ = {isa = PBXFileReference; lastKnownFileType = text.plist.xml; path = Info.plist; sourceTree = "<group>"; };
		E12CD00F1A28E44600EFC209 /* PCFDataSampleTests.m */ = {isa = PBXFileReference; lastKnownFileType = sourcecode.c.objc; path = PCFDataSampleTests.m; sourceTree = "<group>"; };
		E15EBDDB1A9B96460008A69D /* PCFAuth.framework */ = {isa = PBXFileReference; lastKnownFileType = wrapper.framework; path = PCFAuth.framework; sourceTree = "<group>"; };
		E1B7364D1A9B7D7200A0B5CA /* PCFData.framework */ = {isa = PBXFileReference; lastKnownFileType = wrapper.framework; path = PCFData.framework; sourceTree = "<group>"; };
		E1B736511A9B87E400A0B5CA /* LoginViewController.h */ = {isa = PBXFileReference; fileEncoding = 4; lastKnownFileType = sourcecode.c.h; path = LoginViewController.h; sourceTree = "<group>"; };
		E1B736521A9B87E400A0B5CA /* LoginViewController.m */ = {isa = PBXFileReference; fileEncoding = 4; lastKnownFileType = sourcecode.c.objc; path = LoginViewController.m; sourceTree = "<group>"; };
		E1B736531A9B87E400A0B5CA /* LoginViewController.xib */ = {isa = PBXFileReference; fileEncoding = 4; lastKnownFileType = file.xib; path = LoginViewController.xib; sourceTree = "<group>"; };
		E1DA3DBE1A704F1000057671 /* Main.storyboard */ = {isa = PBXFileReference; fileEncoding = 4; lastKnownFileType = file.storyboard; path = Main.storyboard; sourceTree = "<group>"; };
		E1DA3DD91A71646500057671 /* Config.h */ = {isa = PBXFileReference; fileEncoding = 4; lastKnownFileType = sourcecode.c.h; path = Config.h; sourceTree = "<group>"; };
		E1DA3DDA1A71646500057671 /* Config.m */ = {isa = PBXFileReference; fileEncoding = 4; lastKnownFileType = sourcecode.c.objc; path = Config.m; sourceTree = "<group>"; };
/* End PBXFileReference section */

/* Begin PBXFrameworksBuildPhase section */
		E12CCFED1A28E44600EFC209 /* Frameworks */ = {
			isa = PBXFrameworksBuildPhase;
			buildActionMask = 2147483647;
			files = (
				E15EBDDD1A9B964F0008A69D /* PCFAuth.framework in Frameworks */,
				E1B7364F1A9B7D7900A0B5CA /* PCFData.framework in Frameworks */,
			);
			runOnlyForDeploymentPostprocessing = 0;
		};
		E12CD0061A28E44600EFC209 /* Frameworks */ = {
			isa = PBXFrameworksBuildPhase;
			buildActionMask = 2147483647;
			files = (
			);
			runOnlyForDeploymentPostprocessing = 0;
		};
/* End PBXFrameworksBuildPhase section */

/* Begin PBXGroup section */
		E12CCFE71A28E44600EFC209 = {
			isa = PBXGroup;
			children = (
				E15EBDDB1A9B96460008A69D /* PCFAuth.framework */,
				E1B7364D1A9B7D7200A0B5CA /* PCFData.framework */,
				E12CCFF21A28E44600EFC209 /* PCFDataSample */,
				E12CD00C1A28E44600EFC209 /* PCFDataSampleTests */,
				E12CCFF11A28E44600EFC209 /* Products */,
			);
			sourceTree = "<group>";
		};
		E12CCFF11A28E44600EFC209 /* Products */ = {
			isa = PBXGroup;
			children = (
				E12CCFF01A28E44600EFC209 /* PCFDataSample.app */,
				E12CD0091A28E44600EFC209 /* PCFDataSampleTests.xctest */,
			);
			name = Products;
			sourceTree = "<group>";
		};
		E12CCFF21A28E44600EFC209 /* PCFDataSample */ = {
			isa = PBXGroup;
			children = (
				E12CCFF31A28E44600EFC209 /* Supporting Files */,
				E12CCFF71A28E44600EFC209 /* AppDelegate.h */,
				E12CCFF81A28E44600EFC209 /* AppDelegate.m */,
				E12CCFFA1A28E44600EFC209 /* ViewController.h */,
				E12CCFFB1A28E44600EFC209 /* ViewController.m */,
				E1B736511A9B87E400A0B5CA /* LoginViewController.h */,
				E1B736521A9B87E400A0B5CA /* LoginViewController.m */,
				E1B736531A9B87E400A0B5CA /* LoginViewController.xib */,
				E1DA3DBE1A704F1000057671 /* Main.storyboard */,
				E12CD0021A28E44600EFC209 /* LaunchScreen.xib */,
				E12CD0001A28E44600EFC209 /* Images.xcassets */,
			);
			path = PCFDataSample;
			sourceTree = "<group>";
		};
		E12CCFF31A28E44600EFC209 /* Supporting Files */ = {
			isa = PBXGroup;
			children = (
				E11765AD1A36419700EF6B01 /* Pivotal.plist */,
				E12CCFF41A28E44600EFC209 /* Info.plist */,
				E1DA3DD91A71646500057671 /* Config.h */,
				E1DA3DDA1A71646500057671 /* Config.m */,
				E12CCFF51A28E44600EFC209 /* main.m */,
			);
			name = "Supporting Files";
			sourceTree = "<group>";
		};
		E12CD00C1A28E44600EFC209 /* PCFDataSampleTests */ = {
			isa = PBXGroup;
			children = (
				E12CD00D1A28E44600EFC209 /* Supporting Files */,
				E12CD00F1A28E44600EFC209 /* PCFDataSampleTests.m */,
			);
			path = PCFDataSampleTests;
			sourceTree = "<group>";
		};
		E12CD00D1A28E44600EFC209 /* Supporting Files */ = {
			isa = PBXGroup;
			children = (
				E12CD00E1A28E44600EFC209 /* Info.plist */,
			);
			name = "Supporting Files";
			sourceTree = "<group>";
		};
/* End PBXGroup section */

/* Begin PBXNativeTarget section */
		E12CCFEF1A28E44600EFC209 /* PCFDataSample */ = {
			isa = PBXNativeTarget;
			buildConfigurationList = E12CD0131A28E44600EFC209 /* Build configuration list for PBXNativeTarget "PCFDataSample" */;
			buildPhases = (
				E12CCFEC1A28E44600EFC209 /* Sources */,
				E12CCFED1A28E44600EFC209 /* Frameworks */,
				E12CCFEE1A28E44600EFC209 /* Resources */,
				E11765A51A360D0F00EF6B01 /* Embed Frameworks */,
			);
			buildRules = (
			);
			dependencies = (
			);
			name = PCFDataSample;
			productName = PCFDataSample;
			productReference = E12CCFF01A28E44600EFC209 /* PCFDataSample.app */;
			productType = "com.apple.product-type.application";
		};
		E12CD0081A28E44600EFC209 /* PCFDataSampleTests */ = {
			isa = PBXNativeTarget;
			buildConfigurationList = E12CD0161A28E44600EFC209 /* Build configuration list for PBXNativeTarget "PCFDataSampleTests" */;
			buildPhases = (
				E12CD0051A28E44600EFC209 /* Sources */,
				E12CD0061A28E44600EFC209 /* Frameworks */,
				E12CD0071A28E44600EFC209 /* Resources */,
			);
			buildRules = (
			);
			dependencies = (
				E12CD00B1A28E44600EFC209 /* PBXTargetDependency */,
			);
			name = PCFDataSampleTests;
			productName = PCFDataSampleTests;
			productReference = E12CD0091A28E44600EFC209 /* PCFDataSampleTests.xctest */;
			productType = "com.apple.product-type.bundle.unit-test";
		};
/* End PBXNativeTarget section */

/* Begin PBXProject section */
		E12CCFE81A28E44600EFC209 /* Project object */ = {
			isa = PBXProject;
			attributes = {
				LastUpgradeCheck = 0610;
				ORGANIZATIONNAME = Pivotal;
				TargetAttributes = {
					E12CCFEF1A28E44600EFC209 = {
						CreatedOnToolsVersion = 6.1;
						DevelopmentTeam = BVZYXK966R;
						SystemCapabilities = {
							com.apple.BackgroundModes = {
								enabled = 1;
							};
						};
					};
					E12CD0081A28E44600EFC209 = {
						CreatedOnToolsVersion = 6.1;
						TestTargetID = E12CCFEF1A28E44600EFC209;
					};
				};
			};
			buildConfigurationList = E12CCFEB1A28E44600EFC209 /* Build configuration list for PBXProject "PCFDataSample" */;
			compatibilityVersion = "Xcode 3.2";
			developmentRegion = English;
			hasScannedForEncodings = 0;
			knownRegions = (
				en,
				Base,
			);
			mainGroup = E12CCFE71A28E44600EFC209;
			productRefGroup = E12CCFF11A28E44600EFC209 /* Products */;
			projectDirPath = "";
			projectRoot = "";
			targets = (
				E12CCFEF1A28E44600EFC209 /* PCFDataSample */,
				E12CD0081A28E44600EFC209 /* PCFDataSampleTests */,
			);
		};
/* End PBXProject section */

/* Begin PBXResourcesBuildPhase section */
		E12CCFEE1A28E44600EFC209 /* Resources */ = {
			isa = PBXResourcesBuildPhase;
			buildActionMask = 2147483647;
			files = (
				E1B736551A9B87E400A0B5CA /* LoginViewController.xib in Resources */,
				E12CD0041A28E44600EFC209 /* LaunchScreen.xib in Resources */,
				E11765AE1A36419700EF6B01 /* Pivotal.plist in Resources */,
				E12CD0011A28E44600EFC209 /* Images.xcassets in Resources */,
				E1DA3DBF1A704F1000057671 /* Main.storyboard in Resources */,
			);
			runOnlyForDeploymentPostprocessing = 0;
		};
		E12CD0071A28E44600EFC209 /* Resources */ = {
			isa = PBXResourcesBuildPhase;
			buildActionMask = 2147483647;
			files = (
			);
			runOnlyForDeploymentPostprocessing = 0;
		};
/* End PBXResourcesBuildPhase section */

/* Begin PBXSourcesBuildPhase section */
		E12CCFEC1A28E44600EFC209 /* Sources */ = {
			isa = PBXSourcesBuildPhase;
			buildActionMask = 2147483647;
			files = (
				E12CCFFC1A28E44600EFC209 /* ViewController.m in Sources */,
				E1DA3DDB1A71646500057671 /* Config.m in Sources */,
				E12CCFF91A28E44600EFC209 /* AppDelegate.m in Sources */,
				E12CCFF61A28E44600EFC209 /* main.m in Sources */,
				E1B736541A9B87E400A0B5CA /* LoginViewController.m in Sources */,
			);
			runOnlyForDeploymentPostprocessing = 0;
		};
		E12CD0051A28E44600EFC209 /* Sources */ = {
			isa = PBXSourcesBuildPhase;
			buildActionMask = 2147483647;
			files = (
				E12CD0101A28E44600EFC209 /* PCFDataSampleTests.m in Sources */,
			);
			runOnlyForDeploymentPostprocessing = 0;
		};
/* End PBXSourcesBuildPhase section */

/* Begin PBXTargetDependency section */
		E12CD00B1A28E44600EFC209 /* PBXTargetDependency */ = {
			isa = PBXTargetDependency;
			target = E12CCFEF1A28E44600EFC209 /* PCFDataSample */;
			targetProxy = E12CD00A1A28E44600EFC209 /* PBXContainerItemProxy */;
		};
/* End PBXTargetDependency section */

/* Begin PBXVariantGroup section */
		E12CD0021A28E44600EFC209 /* LaunchScreen.xib */ = {
			isa = PBXVariantGroup;
			children = (
				E12CD0031A28E44600EFC209 /* Base */,
			);
			name = LaunchScreen.xib;
			sourceTree = "<group>";
		};
/* End PBXVariantGroup section */

/* Begin XCBuildConfiguration section */
		E12CD0111A28E44600EFC209 /* Debug */ = {
			isa = XCBuildConfiguration;
			buildSettings = {
				ALWAYS_SEARCH_USER_PATHS = NO;
				CLANG_CXX_LANGUAGE_STANDARD = "gnu++0x";
				CLANG_CXX_LIBRARY = "libc++";
				CLANG_ENABLE_MODULES = YES;
				CLANG_ENABLE_OBJC_ARC = YES;
				CLANG_WARN_BOOL_CONVERSION = YES;
				CLANG_WARN_CONSTANT_CONVERSION = YES;
				CLANG_WARN_DIRECT_OBJC_ISA_USAGE = YES_ERROR;
				CLANG_WARN_EMPTY_BODY = YES;
				CLANG_WARN_ENUM_CONVERSION = YES;
				CLANG_WARN_INT_CONVERSION = YES;
				CLANG_WARN_OBJC_ROOT_CLASS = YES_ERROR;
				CLANG_WARN_UNREACHABLE_CODE = YES;
				CLANG_WARN__DUPLICATE_METHOD_MATCH = YES;
				"CODE_SIGN_IDENTITY[sdk=iphoneos*]" = "iPhone Developer";
				COPY_PHASE_STRIP = NO;
				ENABLE_STRICT_OBJC_MSGSEND = YES;
				GCC_C_LANGUAGE_STANDARD = gnu99;
				GCC_DYNAMIC_NO_PIC = NO;
				GCC_OPTIMIZATION_LEVEL = 0;
				GCC_PREPROCESSOR_DEFINITIONS = (
					"DEBUG=1",
					"$(inherited)",
				);
				GCC_SYMBOLS_PRIVATE_EXTERN = NO;
				GCC_WARN_64_TO_32_BIT_CONVERSION = YES;
				GCC_WARN_ABOUT_RETURN_TYPE = YES_ERROR;
				GCC_WARN_UNDECLARED_SELECTOR = YES;
				GCC_WARN_UNINITIALIZED_AUTOS = YES_AGGRESSIVE;
				GCC_WARN_UNUSED_FUNCTION = YES;
				GCC_WARN_UNUSED_VARIABLE = YES;
				IPHONEOS_DEPLOYMENT_TARGET = 8.1;
				MTL_ENABLE_DEBUG_INFO = YES;
				ONLY_ACTIVE_ARCH = YES;
				SDKROOT = iphoneos;
				TARGETED_DEVICE_FAMILY = "1,2";
				VALID_ARCHS = "arm64 armv7 armv7s";
			};
			name = Debug;
		};
		E12CD0121A28E44600EFC209 /* Release */ = {
			isa = XCBuildConfiguration;
			buildSettings = {
				ALWAYS_SEARCH_USER_PATHS = NO;
				CLANG_CXX_LANGUAGE_STANDARD = "gnu++0x";
				CLANG_CXX_LIBRARY = "libc++";
				CLANG_ENABLE_MODULES = YES;
				CLANG_ENABLE_OBJC_ARC = YES;
				CLANG_WARN_BOOL_CONVERSION = YES;
				CLANG_WARN_CONSTANT_CONVERSION = YES;
				CLANG_WARN_DIRECT_OBJC_ISA_USAGE = YES_ERROR;
				CLANG_WARN_EMPTY_BODY = YES;
				CLANG_WARN_ENUM_CONVERSION = YES;
				CLANG_WARN_INT_CONVERSION = YES;
				CLANG_WARN_OBJC_ROOT_CLASS = YES_ERROR;
				CLANG_WARN_UNREACHABLE_CODE = YES;
				CLANG_WARN__DUPLICATE_METHOD_MATCH = YES;
				"CODE_SIGN_IDENTITY[sdk=iphoneos*]" = "iPhone Developer";
				COPY_PHASE_STRIP = YES;
				ENABLE_NS_ASSERTIONS = NO;
				ENABLE_STRICT_OBJC_MSGSEND = YES;
				GCC_C_LANGUAGE_STANDARD = gnu99;
				GCC_WARN_64_TO_32_BIT_CONVERSION = YES;
				GCC_WARN_ABOUT_RETURN_TYPE = YES_ERROR;
				GCC_WARN_UNDECLARED_SELECTOR = YES;
				GCC_WARN_UNINITIALIZED_AUTOS = YES_AGGRESSIVE;
				GCC_WARN_UNUSED_FUNCTION = YES;
				GCC_WARN_UNUSED_VARIABLE = YES;
				IPHONEOS_DEPLOYMENT_TARGET = 8.1;
				MTL_ENABLE_DEBUG_INFO = NO;
				SDKROOT = iphoneos;
				TARGETED_DEVICE_FAMILY = "1,2";
				VALIDATE_PRODUCT = YES;
				VALID_ARCHS = "arm64 armv7 armv7s";
			};
			name = Release;
		};
		E12CD0141A28E44600EFC209 /* Debug */ = {
			isa = XCBuildConfiguration;
			buildSettings = {
				ASSETCATALOG_COMPILER_APPICON_NAME = AppIcon;
				CODE_SIGN_IDENTITY = "iPhone Distribution: Pivotal Labs, Inc.";
				"CODE_SIGN_IDENTITY[sdk=iphoneos*]" = "iPhone Distribution: Pivotal Labs, Inc.";
				FRAMEWORK_SEARCH_PATHS = (
					"$(inherited)",
					"$(PROJECT_DIR)",
					"$(PROJECT_DIR)/PCFDataSample",
					"$(USER_LIBRARY_DIR)/Developer/Xcode/DerivedData/PCFData-hhygyzpsmoblnpaspkwbuckcuceo/Build/Products/Debug-iphoneos",
					"/Users/dx122-xl/Desktop/PCFData-Release-iphoneuniversal",
				);
				HEADER_SEARCH_PATHS = (
					"$(inherited)",
					/Applications/Xcode.app/Contents/Developer/Toolchains/XcodeDefault.xctoolchain/usr/include,
				);
				INFOPLIST_FILE = PCFDataSample/Info.plist;
				IPHONEOS_DEPLOYMENT_TARGET = 7.0;
				LD_RUNPATH_SEARCH_PATHS = "$(inherited) @executable_path/Frameworks";
				LIBRARY_SEARCH_PATHS = (
					"$(inherited)",
					"$(PROJECT_DIR)",
				);
				PRODUCT_NAME = "$(TARGET_NAME)";
				PROVISIONING_PROFILE = "";
				TARGETED_DEVICE_FAMILY = 1;
				VALID_ARCHS = "arm64 armv7 armv7s";
			};
			name = Debug;
		};
		E12CD0151A28E44600EFC209 /* Release */ = {
			isa = XCBuildConfiguration;
			buildSettings = {
				ASSETCATALOG_COMPILER_APPICON_NAME = AppIcon;
				CODE_SIGN_IDENTITY = "iPhone Distribution: Pivotal Labs, Inc.";
				"CODE_SIGN_IDENTITY[sdk=iphoneos*]" = "iPhone Distribution: Pivotal Labs, Inc.";
				FRAMEWORK_SEARCH_PATHS = (
					"$(inherited)",
					"$(PROJECT_DIR)",
					"$(PROJECT_DIR)/PCFDataSample",
					"$(USER_LIBRARY_DIR)/Developer/Xcode/DerivedData/PCFData-hhygyzpsmoblnpaspkwbuckcuceo/Build/Products/Debug-iphoneos",
					"/Users/dx122-xl/Desktop/PCFData-Release-iphoneuniversal",
				);
				HEADER_SEARCH_PATHS = (
					"$(inherited)",
					/Applications/Xcode.app/Contents/Developer/Toolchains/XcodeDefault.xctoolchain/usr/include,
				);
				INFOPLIST_FILE = PCFDataSample/Info.plist;
				IPHONEOS_DEPLOYMENT_TARGET = 7.0;
				LD_RUNPATH_SEARCH_PATHS = "$(inherited) @executable_path/Frameworks";
				LIBRARY_SEARCH_PATHS = (
					"$(inherited)",
					"$(PROJECT_DIR)",
				);
				PRODUCT_NAME = "$(TARGET_NAME)";
				PROVISIONING_PROFILE = "";
				TARGETED_DEVICE_FAMILY = 1;
				VALID_ARCHS = "arm64 armv7 armv7s";
			};
			name = Release;
		};
		E12CD0171A28E44600EFC209 /* Debug */ = {
			isa = XCBuildConfiguration;
			buildSettings = {
				BUNDLE_LOADER = "$(TEST_HOST)";
				FRAMEWORK_SEARCH_PATHS = (
					"$(SDKROOT)/Developer/Library/Frameworks",
					"$(inherited)",
				);
				GCC_PREPROCESSOR_DEFINITIONS = (
					"DEBUG=1",
					"$(inherited)",
				);
				INFOPLIST_FILE = PCFDataSampleTests/Info.plist;
				LD_RUNPATH_SEARCH_PATHS = "$(inherited) @executable_path/Frameworks @loader_path/Frameworks";
				PRODUCT_NAME = "$(TARGET_NAME)";
				TEST_HOST = "$(BUILT_PRODUCTS_DIR)/PCFDataSample.app/PCFDataSample";
			};
			name = Debug;
		};
		E12CD0181A28E44600EFC209 /* Release */ = {
			isa = XCBuildConfiguration;
			buildSettings = {
				BUNDLE_LOADER = "$(TEST_HOST)";
				FRAMEWORK_SEARCH_PATHS = (
					"$(SDKROOT)/Developer/Library/Frameworks",
					"$(inherited)",
				);
				INFOPLIST_FILE = PCFDataSampleTests/Info.plist;
				LD_RUNPATH_SEARCH_PATHS = "$(inherited) @executable_path/Frameworks @loader_path/Frameworks";
				PRODUCT_NAME = "$(TARGET_NAME)";
				TEST_HOST = "$(BUILT_PRODUCTS_DIR)/PCFDataSample.app/PCFDataSample";
			};
			name = Release;
		};
/* End XCBuildConfiguration section */

/* Begin XCConfigurationList section */
		E12CCFEB1A28E44600EFC209 /* Build configuration list for PBXProject "PCFDataSample" */ = {
			isa = XCConfigurationList;
			buildConfigurations = (
				E12CD0111A28E44600EFC209 /* Debug */,
				E12CD0121A28E44600EFC209 /* Release */,
			);
			defaultConfigurationIsVisible = 0;
			defaultConfigurationName = Release;
		};
		E12CD0131A28E44600EFC209 /* Build configuration list for PBXNativeTarget "PCFDataSample" */ = {
			isa = XCConfigurationList;
			buildConfigurations = (
				E12CD0141A28E44600EFC209 /* Debug */,
				E12CD0151A28E44600EFC209 /* Release */,
			);
			defaultConfigurationIsVisible = 0;
			defaultConfigurationName = Release;
		};
		E12CD0161A28E44600EFC209 /* Build configuration list for PBXNativeTarget "PCFDataSampleTests" */ = {
			isa = XCConfigurationList;
			buildConfigurations = (
				E12CD0171A28E44600EFC209 /* Debug */,
				E12CD0181A28E44600EFC209 /* Release */,
			);
			defaultConfigurationIsVisible = 0;
			defaultConfigurationName = Release;
		};
/* End XCConfigurationList section */
	};
	rootObject = E12CCFE81A28E44600EFC209 /* Project object */;
}
